
Microsoft Visual Studio Solution File, Format Version 12.00
# Visual Studio Version 17
VisualStudioVersion = 17.5.2.0
MinimumVisualStudioVersion = 10.0.40219.1
Project("{FAE04EC0-301F-11D3-BF4B-00C04F79EFBC}") = "Day01", "Day01\Day01.csproj", "{5B99F222-3A6D-A6E4-5735-46D7AAB53B5A}"
EndProject
Project("{FAE04EC0-301F-11D3-BF4B-00C04F79EFBC}") = "Common", "Common\Common.csproj", "{511D9C40-13F4-4962-BC3A-F7DC56685068}"
EndProject
Project("{FAE04EC0-301F-11D3-BF4B-00C04F79EFBC}") = "Day02", "Day02\Day02.csproj", "{92F7592E-CBEF-4B92-BAC4-2D2FC8639C4D}"
EndProject
Project("{FAE04EC0-301F-11D3-BF4B-00C04F79EFBC}") = "Day03", "Day03\Day03.csproj", "{B4A08A76-C339-4D72-92E9-20ABB01945BE}"
EndProject
Global
	GlobalSection(SolutionConfigurationPlatforms) = preSolution
		Debug|Any CPU = Debug|Any CPU
		Debug|x64 = Debug|x64
		Debug|x86 = Debug|x86
		Release|Any CPU = Release|Any CPU
		Release|x64 = Release|x64
		Release|x86 = Release|x86
	EndGlobalSection
	GlobalSection(ProjectConfigurationPlatforms) = postSolution
		{5B99F222-3A6D-A6E4-5735-46D7AAB53B5A}.Debug|Any CPU.ActiveCfg = Debug|Any CPU
		{5B99F222-3A6D-A6E4-5735-46D7AAB53B5A}.Debug|Any CPU.Build.0 = Debug|Any CPU
		{5B99F222-3A6D-A6E4-5735-46D7AAB53B5A}.Debug|x64.ActiveCfg = Debug|Any CPU
		{5B99F222-3A6D-A6E4-5735-46D7AAB53B5A}.Debug|x64.Build.0 = Debug|Any CPU
		{5B99F222-3A6D-A6E4-5735-46D7AAB53B5A}.Debug|x86.ActiveCfg = Debug|Any CPU
		{5B99F222-3A6D-A6E4-5735-46D7AAB53B5A}.Debug|x86.Build.0 = Debug|Any CPU
		{5B99F222-3A6D-A6E4-5735-46D7AAB53B5A}.Release|Any CPU.ActiveCfg = Release|Any CPU
		{5B99F222-3A6D-A6E4-5735-46D7AAB53B5A}.Release|Any CPU.Build.0 = Release|Any CPU
		{5B99F222-3A6D-A6E4-5735-46D7AAB53B5A}.Release|x64.ActiveCfg = Release|Any CPU
		{5B99F222-3A6D-A6E4-5735-46D7AAB53B5A}.Release|x64.Build.0 = Release|Any CPU
		{5B99F222-3A6D-A6E4-5735-46D7AAB53B5A}.Release|x86.ActiveCfg = Release|Any CPU
		{5B99F222-3A6D-A6E4-5735-46D7AAB53B5A}.Release|x86.Build.0 = Release|Any CPU
		{511D9C40-13F4-4962-BC3A-F7DC56685068}.Debug|Any CPU.ActiveCfg = Debug|Any CPU
		{511D9C40-13F4-4962-BC3A-F7DC56685068}.Debug|Any CPU.Build.0 = Debug|Any CPU
		{511D9C40-13F4-4962-BC3A-F7DC56685068}.Debug|x64.ActiveCfg = Debug|Any CPU
		{511D9C40-13F4-4962-BC3A-F7DC56685068}.Debug|x64.Build.0 = Debug|Any CPU
		{511D9C40-13F4-4962-BC3A-F7DC56685068}.Debug|x86.ActiveCfg = Debug|Any CPU
		{511D9C40-13F4-4962-BC3A-F7DC56685068}.Debug|x86.Build.0 = Debug|Any CPU
		{511D9C40-13F4-4962-BC3A-F7DC56685068}.Release|Any CPU.ActiveCfg = Release|Any CPU
		{511D9C40-13F4-4962-BC3A-F7DC56685068}.Release|Any CPU.Build.0 = Release|Any CPU
		{511D9C40-13F4-4962-BC3A-F7DC56685068}.Release|x64.ActiveCfg = Release|Any CPU
		{511D9C40-13F4-4962-BC3A-F7DC56685068}.Release|x64.Build.0 = Release|Any CPU
		{511D9C40-13F4-4962-BC3A-F7DC56685068}.Release|x86.ActiveCfg = Release|Any CPU
		{511D9C40-13F4-4962-BC3A-F7DC56685068}.Release|x86.Build.0 = Release|Any CPU
		{92F7592E-CBEF-4B92-BAC4-2D2FC8639C4D}.Debug|Any CPU.ActiveCfg = Debug|Any CPU
		{92F7592E-CBEF-4B92-BAC4-2D2FC8639C4D}.Debug|Any CPU.Build.0 = Debug|Any CPU
		{92F7592E-CBEF-4B92-BAC4-2D2FC8639C4D}.Debug|x64.ActiveCfg = Debug|Any CPU
		{92F7592E-CBEF-4B92-BAC4-2D2FC8639C4D}.Debug|x64.Build.0 = Debug|Any CPU
		{92F7592E-CBEF-4B92-BAC4-2D2FC8639C4D}.Debug|x86.ActiveCfg = Debug|Any CPU
		{92F7592E-CBEF-4B92-BAC4-2D2FC8639C4D}.Debug|x86.Build.0 = Debug|Any CPU
		{92F7592E-CBEF-4B92-BAC4-2D2FC8639C4D}.Release|Any CPU.ActiveCfg = Release|Any CPU
		{92F7592E-CBEF-4B92-BAC4-2D2FC8639C4D}.Release|Any CPU.Build.0 = Release|Any CPU
		{92F7592E-CBEF-4B92-BAC4-2D2FC8639C4D}.Release|x64.ActiveCfg = Release|Any CPU
		{92F7592E-CBEF-4B92-BAC4-2D2FC8639C4D}.Release|x64.Build.0 = Release|Any CPU
		{92F7592E-CBEF-4B92-BAC4-2D2FC8639C4D}.Release|x86.ActiveCfg = Release|Any CPU
		{92F7592E-CBEF-4B92-BAC4-2D2FC8639C4D}.Release|x86.Build.0 = Release|Any CPU
		{B4A08A76-C339-4D72-92E9-20ABB01945BE}.Debug|Any CPU.ActiveCfg = Debug|Any CPU
		{B4A08A76-C339-4D72-92E9-20ABB01945BE}.Debug|Any CPU.Build.0 = Debug|Any CPU
		{B4A08A76-C339-4D72-92E9-20ABB01945BE}.Debug|x64.ActiveCfg = Debug|Any CPU
		{B4A08A76-C339-4D72-92E9-20ABB01945BE}.Debug|x64.Build.0 = Debug|Any CPU
		{B4A08A76-C339-4D72-92E9-20ABB01945BE}.Debug|x86.ActiveCfg = Debug|Any CPU
		{B4A08A76-C339-4D72-92E9-20ABB01945BE}.Debug|x86.Build.0 = Debug|Any CPU
		{B4A08A76-C339-4D72-92E9-20ABB01945BE}.Release|Any CPU.ActiveCfg = Release|Any CPU
		{B4A08A76-C339-4D72-92E9-20ABB01945BE}.Release|Any CPU.Build.0 = Release|Any CPU
		{B4A08A76-C339-4D72-92E9-20ABB01945BE}.Release|x64.ActiveCfg = Release|Any CPU
		{B4A08A76-C339-4D72-92E9-20ABB01945BE}.Release|x64.Build.0 = Release|Any CPU
		{B4A08A76-C339-4D72-92E9-20ABB01945BE}.Release|x86.ActiveCfg = Release|Any CPU
		{B4A08A76-C339-4D72-92E9-20ABB01945BE}.Release|x86.Build.0 = Release|Any CPU
	EndGlobalSection
	GlobalSection(SolutionProperties) = preSolution
		HideSolutionNode = FALSE
	EndGlobalSection
	GlobalSection(ExtensibilityGlobals) = postSolution
		SolutionGuid = {7F03CE90-9076-4963-94BC-2574413654D7}
	EndGlobalSection
EndGlobal
